
Microsoft Visual Studio Solution File, Format Version 12.00
# Visual Studio Version 17
VisualStudioVersion = 17.10.35027.167
MinimumVisualStudioVersion = 10.0.40219.1
Project("{FAE04EC0-301F-11D3-BF4B-00C04F79EFBC}") = "NoteAppUI", "NoteAppUI\NoteAppUI.csproj", "{D2EECB58-FF1F-4276-88F5-816C07253385}"
EndProject
Global
	GlobalSection(SolutionConfigurationPlatforms) = preSolution
		Debug|Any CPU = Debug|Any CPU
		Release|Any CPU = Release|Any CPU
	EndGlobalSection
	GlobalSection(ProjectConfigurationPlatforms) = postSolution
		{D2EECB58-FF1F-4276-88F5-816C07253385}.Debug|Any CPU.ActiveCfg = Debug|Any CPU
		{D2EECB58-FF1F-4276-88F5-816C07253385}.Debug|Any CPU.Build.0 = Debug|Any CPU
		{D2EECB58-FF1F-4276-88F5-816C07253385}.Release|Any CPU.ActiveCfg = Release|Any CPU
		{D2EECB58-FF1F-4276-88F5-816C07253385}.Release|Any CPU.Build.0 = Release|Any CPU
	EndGlobalSection
	GlobalSection(SolutionProperties) = preSolution
		HideSolutionNode = FALSE
	EndGlobalSection
	GlobalSection(ExtensibilityGlobals) = postSolution
		SolutionGuid = {48E4124A-1C95-45F0-B0EC-E617788581AA}
	EndGlobalSection
EndGlobal
